// !$*UTF8*$!
{
	archiveVersion = 1;
	classes = {
	};
	objectVersion = 50;
	objects = {

/* Begin PBXBuildFile section */
		841432DE250AC3B600612F96 /* ItemCollectionViewCell.swift in Sources */ = {isa = PBXBuildFile; fileRef = 841432DC250AC3B600612F96 /* ItemCollectionViewCell.swift */; };
		841432DF250AC3B600612F96 /* ItemCollectionViewCell.xib in Resources */ = {isa = PBXBuildFile; fileRef = 841432DD250AC3B600612F96 /* ItemCollectionViewCell.xib */; };
		841432E1250AE74A00612F96 /* SceneDelegate.swift in Sources */ = {isa = PBXBuildFile; fileRef = 841432E0250AE74A00612F96 /* SceneDelegate.swift */; };
		84E3E316250ABEF100C6D2BC /* AppDelegate.swift in Sources */ = {isa = PBXBuildFile; fileRef = 84E3E315250ABEF100C6D2BC /* AppDelegate.swift */; };
		84E3E31A250ABEF100C6D2BC /* ViewController.swift in Sources */ = {isa = PBXBuildFile; fileRef = 84E3E319250ABEF100C6D2BC /* ViewController.swift */; };
		84E3E31D250ABEF100C6D2BC /* Main.storyboard in Resources */ = {isa = PBXBuildFile; fileRef = 84E3E31B250ABEF100C6D2BC /* Main.storyboard */; };
		84E3E31F250ABEF200C6D2BC /* Assets.xcassets in Resources */ = {isa = PBXBuildFile; fileRef = 84E3E31E250ABEF200C6D2BC /* Assets.xcassets */; };
		84E3E322250ABEF200C6D2BC /* LaunchScreen.storyboard in Resources */ = {isa = PBXBuildFile; fileRef = 84E3E320250ABEF200C6D2BC /* LaunchScreen.storyboard */; };
		84E3E32D250ABEF200C6D2BC /* GearSwapTests.swift in Sources */ = {isa = PBXBuildFile; fileRef = 84E3E32C250ABEF200C6D2BC /* GearSwapTests.swift */; };
/* End PBXBuildFile section */

/* Begin PBXContainerItemProxy section */
		84E3E329250ABEF200C6D2BC /* PBXContainerItemProxy */ = {
			isa = PBXContainerItemProxy;
			containerPortal = 84E3E30A250ABEF100C6D2BC /* Project object */;
			proxyType = 1;
			remoteGlobalIDString = 84E3E311250ABEF100C6D2BC;
			remoteInfo = GearSwap;
		};
/* End PBXContainerItemProxy section */

/* Begin PBXFileReference section */
		841432DC250AC3B600612F96 /* ItemCollectionViewCell.swift */ = {isa = PBXFileReference; lastKnownFileType = sourcecode.swift; path = ItemCollectionViewCell.swift; sourceTree = "<group>"; };
		841432DD250AC3B600612F96 /* ItemCollectionViewCell.xib */ = {isa = PBXFileReference; lastKnownFileType = file.xib; path = ItemCollectionViewCell.xib; sourceTree = "<group>"; };
		841432E0250AE74A00612F96 /* SceneDelegate.swift */ = {isa = PBXFileReference; fileEncoding = 4; lastKnownFileType = sourcecode.swift; path = SceneDelegate.swift; sourceTree = "<group>"; };
		84E3E312250ABEF100C6D2BC /* GearSwap.app */ = {isa = PBXFileReference; explicitFileType = wrapper.application; includeInIndex = 0; path = GearSwap.app; sourceTree = BUILT_PRODUCTS_DIR; };
		84E3E315250ABEF100C6D2BC /* AppDelegate.swift */ = {isa = PBXFileReference; lastKnownFileType = sourcecode.swift; path = AppDelegate.swift; sourceTree = "<group>"; };
		84E3E319250ABEF100C6D2BC /* ViewController.swift */ = {isa = PBXFileReference; lastKnownFileType = sourcecode.swift; path = ViewController.swift; sourceTree = "<group>"; };
		84E3E31C250ABEF100C6D2BC /* Base */ = {isa = PBXFileReference; lastKnownFileType = file.storyboard; name = Base; path = Base.lproj/Main.storyboard; sourceTree = "<group>"; };
		84E3E31E250ABEF200C6D2BC /* Assets.xcassets */ = {isa = PBXFileReference; lastKnownFileType = folder.assetcatalog; path = Assets.xcassets; sourceTree = "<group>"; };
		84E3E321250ABEF200C6D2BC /* Base */ = {isa = PBXFileReference; lastKnownFileType = file.storyboard; name = Base; path = Base.lproj/LaunchScreen.storyboard; sourceTree = "<group>"; };
		84E3E323250ABEF200C6D2BC /* Info.plist */ = {isa = PBXFileReference; lastKnownFileType = text.plist.xml; path = Info.plist; sourceTree = "<group>"; };
		84E3E328250ABEF200C6D2BC /* GearSwapTests.xctest */ = {isa = PBXFileReference; explicitFileType = wrapper.cfbundle; includeInIndex = 0; path = GearSwapTests.xctest; sourceTree = BUILT_PRODUCTS_DIR; };
		84E3E32C250ABEF200C6D2BC /* GearSwapTests.swift */ = {isa = PBXFileReference; lastKnownFileType = sourcecode.swift; path = GearSwapTests.swift; sourceTree = "<group>"; };
		84E3E32E250ABEF200C6D2BC /* Info.plist */ = {isa = PBXFileReference; lastKnownFileType = text.plist.xml; path = Info.plist; sourceTree = "<group>"; };
/* End PBXFileReference section */

/* Begin PBXFrameworksBuildPhase section */
		84E3E30F250ABEF100C6D2BC /* Frameworks */ = {
			isa = PBXFrameworksBuildPhase;
			buildActionMask = 2147483647;
			files = (
			);
			runOnlyForDeploymentPostprocessing = 0;
		};
		84E3E325250ABEF200C6D2BC /* Frameworks */ = {
			isa = PBXFrameworksBuildPhase;
			buildActionMask = 2147483647;
			files = (
			);
			runOnlyForDeploymentPostprocessing = 0;
		};
/* End PBXFrameworksBuildPhase section */

/* Begin PBXGroup section */
		84E3E309250ABEF100C6D2BC = {
			isa = PBXGroup;
			children = (
				84E3E314250ABEF100C6D2BC /* GearSwap */,
				84E3E32B250ABEF200C6D2BC /* GearSwapTests */,
				84E3E313250ABEF100C6D2BC /* Products */,
			);
			sourceTree = "<group>";
		};
		84E3E313250ABEF100C6D2BC /* Products */ = {
			isa = PBXGroup;
			children = (
				84E3E312250ABEF100C6D2BC /* GearSwap.app */,
				84E3E328250ABEF200C6D2BC /* GearSwapTests.xctest */,
			);
			name = Products;
			sourceTree = "<group>";
		};
		84E3E314250ABEF100C6D2BC /* GearSwap */ = {
			isa = PBXGroup;
			children = (
				84E3E337250AC0BC00C6D2BC /* Models */,
				84E3E339250AC0DB00C6D2BC /* Presenters */,
				84E3E338250AC0C700C6D2BC /* Views */,
				84E3E315250ABEF100C6D2BC /* AppDelegate.swift */,
				841432E0250AE74A00612F96 /* SceneDelegate.swift */,
				84E3E31E250ABEF200C6D2BC /* Assets.xcassets */,
				84E3E320250ABEF200C6D2BC /* LaunchScreen.storyboard */,
				84E3E323250ABEF200C6D2BC /* Info.plist */,
			);
			path = GearSwap;
			sourceTree = "<group>";
		};
		84E3E32B250ABEF200C6D2BC /* GearSwapTests */ = {
			isa = PBXGroup;
			children = (
				84E3E32C250ABEF200C6D2BC /* GearSwapTests.swift */,
				84E3E32E250ABEF200C6D2BC /* Info.plist */,
			);
			path = GearSwapTests;
			sourceTree = "<group>";
		};
		84E3E337250AC0BC00C6D2BC /* Models */ = {
			isa = PBXGroup;
			children = (
			);
			path = Models;
			sourceTree = "<group>";
		};
		84E3E338250AC0C700C6D2BC /* Views */ = {
			isa = PBXGroup;
			children = (
				84E3E319250ABEF100C6D2BC /* ViewController.swift */,
				84E3E31B250ABEF100C6D2BC /* Main.storyboard */,
				841432DC250AC3B600612F96 /* ItemCollectionViewCell.swift */,
				841432DD250AC3B600612F96 /* ItemCollectionViewCell.xib */,
			);
			path = Views;
			sourceTree = "<group>";
		};
		84E3E339250AC0DB00C6D2BC /* Presenters */ = {
			isa = PBXGroup;
			children = (
			);
			path = Presenters;
			sourceTree = "<group>";
		};
/* End PBXGroup section */

/* Begin PBXNativeTarget section */
		84E3E311250ABEF100C6D2BC /* GearSwap */ = {
			isa = PBXNativeTarget;
			buildConfigurationList = 84E3E331250ABEF200C6D2BC /* Build configuration list for PBXNativeTarget "GearSwap" */;
			buildPhases = (
				84E3E30E250ABEF100C6D2BC /* Sources */,
				84E3E30F250ABEF100C6D2BC /* Frameworks */,
				84E3E310250ABEF100C6D2BC /* Resources */,
			);
			buildRules = (
			);
			dependencies = (
			);
			name = GearSwap;
			productName = GearSwap;
			productReference = 84E3E312250ABEF100C6D2BC /* GearSwap.app */;
			productType = "com.apple.product-type.application";
		};
		84E3E327250ABEF200C6D2BC /* GearSwapTests */ = {
			isa = PBXNativeTarget;
			buildConfigurationList = 84E3E334250ABEF200C6D2BC /* Build configuration list for PBXNativeTarget "GearSwapTests" */;
			buildPhases = (
				84E3E324250ABEF200C6D2BC /* Sources */,
				84E3E325250ABEF200C6D2BC /* Frameworks */,
				84E3E326250ABEF200C6D2BC /* Resources */,
			);
			buildRules = (
			);
			dependencies = (
				84E3E32A250ABEF200C6D2BC /* PBXTargetDependency */,
			);
			name = GearSwapTests;
			productName = GearSwapTests;
			productReference = 84E3E328250ABEF200C6D2BC /* GearSwapTests.xctest */;
			productType = "com.apple.product-type.bundle.unit-test";
		};
/* End PBXNativeTarget section */

/* Begin PBXProject section */
		84E3E30A250ABEF100C6D2BC /* Project object */ = {
			isa = PBXProject;
			attributes = {
				LastSwiftUpdateCheck = 1170;
				LastUpgradeCheck = 1170;
				ORGANIZATIONNAME = "Kevin Chen";
				TargetAttributes = {
					84E3E311250ABEF100C6D2BC = {
						CreatedOnToolsVersion = 11.7;
					};
					84E3E327250ABEF200C6D2BC = {
						CreatedOnToolsVersion = 11.7;
						TestTargetID = 84E3E311250ABEF100C6D2BC;
					};
				};
			};
			buildConfigurationList = 84E3E30D250ABEF100C6D2BC /* Build configuration list for PBXProject "GearSwap" */;
			compatibilityVersion = "Xcode 9.3";
			developmentRegion = en;
			hasScannedForEncodings = 0;
			knownRegions = (
				en,
				Base,
			);
			mainGroup = 84E3E309250ABEF100C6D2BC;
			productRefGroup = 84E3E313250ABEF100C6D2BC /* Products */;
			projectDirPath = "";
			projectRoot = "";
			targets = (
				84E3E311250ABEF100C6D2BC /* GearSwap */,
				84E3E327250ABEF200C6D2BC /* GearSwapTests */,
			);
		};
/* End PBXProject section */

/* Begin PBXResourcesBuildPhase section */
		84E3E310250ABEF100C6D2BC /* Resources */ = {
			isa = PBXResourcesBuildPhase;
			buildActionMask = 2147483647;
			files = (
				84E3E322250ABEF200C6D2BC /* LaunchScreen.storyboard in Resources */,
				841432DF250AC3B600612F96 /* ItemCollectionViewCell.xib in Resources */,
				84E3E31F250ABEF200C6D2BC /* Assets.xcassets in Resources */,
				84E3E31D250ABEF100C6D2BC /* Main.storyboard in Resources */,
			);
			runOnlyForDeploymentPostprocessing = 0;
		};
		84E3E326250ABEF200C6D2BC /* Resources */ = {
			isa = PBXResourcesBuildPhase;
			buildActionMask = 2147483647;
			files = (
			);
			runOnlyForDeploymentPostprocessing = 0;
		};
/* End PBXResourcesBuildPhase section */

/* Begin PBXSourcesBuildPhase section */
		84E3E30E250ABEF100C6D2BC /* Sources */ = {
			isa = PBXSourcesBuildPhase;
			buildActionMask = 2147483647;
			files = (
				84E3E31A250ABEF100C6D2BC /* ViewController.swift in Sources */,
				841432DE250AC3B600612F96 /* ItemCollectionViewCell.swift in Sources */,
				84E3E316250ABEF100C6D2BC /* AppDelegate.swift in Sources */,
				841432E1250AE74A00612F96 /* SceneDelegate.swift in Sources */,
			);
			runOnlyForDeploymentPostprocessing = 0;
		};
		84E3E324250ABEF200C6D2BC /* Sources */ = {
			isa = PBXSourcesBuildPhase;
			buildActionMask = 2147483647;
			files = (
				84E3E32D250ABEF200C6D2BC /* GearSwapTests.swift in Sources */,
			);
			runOnlyForDeploymentPostprocessing = 0;
		};
/* End PBXSourcesBuildPhase section */

/* Begin PBXTargetDependency section */
		84E3E32A250ABEF200C6D2BC /* PBXTargetDependency */ = {
			isa = PBXTargetDependency;
			target = 84E3E311250ABEF100C6D2BC /* GearSwap */;
			targetProxy = 84E3E329250ABEF200C6D2BC /* PBXContainerItemProxy */;
		};
/* End PBXTargetDependency section */

/* Begin PBXVariantGroup section */
		84E3E31B250ABEF100C6D2BC /* Main.storyboard */ = {
			isa = PBXVariantGroup;
			children = (
				84E3E31C250ABEF100C6D2BC /* Base */,
			);
			name = Main.storyboard;
			sourceTree = "<group>";
		};
		84E3E320250ABEF200C6D2BC /* LaunchScreen.storyboard */ = {
			isa = PBXVariantGroup;
			children = (
				84E3E321250ABEF200C6D2BC /* Base */,
			);
			name = LaunchScreen.storyboard;
			sourceTree = "<group>";
		};
/* End PBXVariantGroup section */

/* Begin XCBuildConfiguration section */
		84E3E32F250ABEF200C6D2BC /* Debug */ = {
			isa = XCBuildConfiguration;
			buildSettings = {
				ALWAYS_SEARCH_USER_PATHS = NO;
				CLANG_ANALYZER_NONNULL = YES;
				CLANG_ANALYZER_NUMBER_OBJECT_CONVERSION = YES_AGGRESSIVE;
				CLANG_CXX_LANGUAGE_STANDARD = "gnu++14";
				CLANG_CXX_LIBRARY = "libc++";
				CLANG_ENABLE_MODULES = YES;
				CLANG_ENABLE_OBJC_ARC = YES;
				CLANG_ENABLE_OBJC_WEAK = YES;
				CLANG_WARN_BLOCK_CAPTURE_AUTORELEASING = YES;
				CLANG_WARN_BOOL_CONVERSION = YES;
				CLANG_WARN_COMMA = YES;
				CLANG_WARN_CONSTANT_CONVERSION = YES;
				CLANG_WARN_DEPRECATED_OBJC_IMPLEMENTATIONS = YES;
				CLANG_WARN_DIRECT_OBJC_ISA_USAGE = YES_ERROR;
				CLANG_WARN_DOCUMENTATION_COMMENTS = YES;
				CLANG_WARN_EMPTY_BODY = YES;
				CLANG_WARN_ENUM_CONVERSION = YES;
				CLANG_WARN_INFINITE_RECURSION = YES;
				CLANG_WARN_INT_CONVERSION = YES;
				CLANG_WARN_NON_LITERAL_NULL_CONVERSION = YES;
				CLANG_WARN_OBJC_IMPLICIT_RETAIN_SELF = YES;
				CLANG_WARN_OBJC_LITERAL_CONVERSION = YES;
				CLANG_WARN_OBJC_ROOT_CLASS = YES_ERROR;
				CLANG_WARN_RANGE_LOOP_ANALYSIS = YES;
				CLANG_WARN_STRICT_PROTOTYPES = YES;
				CLANG_WARN_SUSPICIOUS_MOVE = YES;
				CLANG_WARN_UNGUARDED_AVAILABILITY = YES_AGGRESSIVE;
				CLANG_WARN_UNREACHABLE_CODE = YES;
				CLANG_WARN__DUPLICATE_METHOD_MATCH = YES;
				COPY_PHASE_STRIP = NO;
				DEBUG_INFORMATION_FORMAT = dwarf;
				ENABLE_STRICT_OBJC_MSGSEND = YES;
				ENABLE_TESTABILITY = YES;
				GCC_C_LANGUAGE_STANDARD = gnu11;
				GCC_DYNAMIC_NO_PIC = NO;
				GCC_NO_COMMON_BLOCKS = YES;
				GCC_OPTIMIZATION_LEVEL = 0;
				GCC_PREPROCESSOR_DEFINITIONS = (
					"DEBUG=1",
					"$(inherited)",
				);
				GCC_WARN_64_TO_32_BIT_CONVERSION = YES;
				GCC_WARN_ABOUT_RETURN_TYPE = YES_ERROR;
				GCC_WARN_UNDECLARED_SELECTOR = YES;
				GCC_WARN_UNINITIALIZED_AUTOS = YES_AGGRESSIVE;
				GCC_WARN_UNUSED_FUNCTION = YES;
				GCC_WARN_UNUSED_VARIABLE = YES;
				IPHONEOS_DEPLOYMENT_TARGET = 10.0;
				MTL_ENABLE_DEBUG_INFO = INCLUDE_SOURCE;
				MTL_FAST_MATH = YES;
				ONLY_ACTIVE_ARCH = YES;
				SDKROOT = iphoneos;
				SWIFT_ACTIVE_COMPILATION_CONDITIONS = DEBUG;
				SWIFT_OPTIMIZATION_LEVEL = "-Onone";
			};
			name = Debug;
		};
		84E3E330250ABEF200C6D2BC /* Release */ = {
			isa = XCBuildConfiguration;
			buildSettings = {
				ALWAYS_SEARCH_USER_PATHS = NO;
				CLANG_ANALYZER_NONNULL = YES;
				CLANG_ANALYZER_NUMBER_OBJECT_CONVERSION = YES_AGGRESSIVE;
				CLANG_CXX_LANGUAGE_STANDARD = "gnu++14";
				CLANG_CXX_LIBRARY = "libc++";
				CLANG_ENABLE_MODULES = YES;
				CLANG_ENABLE_OBJC_ARC = YES;
				CLANG_ENABLE_OBJC_WEAK = YES;
				CLANG_WARN_BLOCK_CAPTURE_AUTORELEASING = YES;
				CLANG_WARN_BOOL_CONVERSION = YES;
				CLANG_WARN_COMMA = YES;
				CLANG_WARN_CONSTANT_CONVERSION = YES;
				CLANG_WARN_DEPRECATED_OBJC_IMPLEMENTATIONS = YES;
				CLANG_WARN_DIRECT_OBJC_ISA_USAGE = YES_ERROR;
				CLANG_WARN_DOCUMENTATION_COMMENTS = YES;
				CLANG_WARN_EMPTY_BODY = YES;
				CLANG_WARN_ENUM_CONVERSION = YES;
				CLANG_WARN_INFINITE_RECURSION = YES;
				CLANG_WARN_INT_CONVERSION = YES;
				CLANG_WARN_NON_LITERAL_NULL_CONVERSION = YES;
				CLANG_WARN_OBJC_IMPLICIT_RETAIN_SELF = YES;
				CLANG_WARN_OBJC_LITERAL_CONVERSION = YES;
				CLANG_WARN_OBJC_ROOT_CLASS = YES_ERROR;
				CLANG_WARN_RANGE_LOOP_ANALYSIS = YES;
				CLANG_WARN_STRICT_PROTOTYPES = YES;
				CLANG_WARN_SUSPICIOUS_MOVE = YES;
				CLANG_WARN_UNGUARDED_AVAILABILITY = YES_AGGRESSIVE;
				CLANG_WARN_UNREACHABLE_CODE = YES;
				CLANG_WARN__DUPLICATE_METHOD_MATCH = YES;
				COPY_PHASE_STRIP = NO;
				DEBUG_INFORMATION_FORMAT = "dwarf-with-dsym";
				ENABLE_NS_ASSERTIONS = NO;
				ENABLE_STRICT_OBJC_MSGSEND = YES;
				GCC_C_LANGUAGE_STANDARD = gnu11;
				GCC_NO_COMMON_BLOCKS = YES;
				GCC_WARN_64_TO_32_BIT_CONVERSION = YES;
				GCC_WARN_ABOUT_RETURN_TYPE = YES_ERROR;
				GCC_WARN_UNDECLARED_SELECTOR = YES;
				GCC_WARN_UNINITIALIZED_AUTOS = YES_AGGRESSIVE;
				GCC_WARN_UNUSED_FUNCTION = YES;
				GCC_WARN_UNUSED_VARIABLE = YES;
				IPHONEOS_DEPLOYMENT_TARGET = 10.0;
				MTL_ENABLE_DEBUG_INFO = NO;
				MTL_FAST_MATH = YES;
				SDKROOT = iphoneos;
				SWIFT_COMPILATION_MODE = wholemodule;
				SWIFT_OPTIMIZATION_LEVEL = "-O";
				VALIDATE_PRODUCT = YES;
			};
			name = Release;
		};
		84E3E332250ABEF200C6D2BC /* Debug */ = {
			isa = XCBuildConfiguration;
			buildSettings = {
				ASSETCATALOG_COMPILER_APPICON_NAME = AppIcon;
				CODE_SIGN_STYLE = Automatic;
				DEVELOPMENT_TEAM = 7V3NB8DRHS;
				INFOPLIST_FILE = GearSwap/Info.plist;
				IPHONEOS_DEPLOYMENT_TARGET = 10.0;
				LD_RUNPATH_SEARCH_PATHS = (
					"$(inherited)",
					"@executable_path/Frameworks",
				);
				PRODUCT_BUNDLE_IDENTIFIER = com.kchen.GearSwap;
				PRODUCT_NAME = "$(TARGET_NAME)";
				SWIFT_VERSION = 5.0;
				TARGETED_DEVICE_FAMILY = "1,2";
			};
			name = Debug;
		};
		84E3E333250ABEF200C6D2BC /* Release */ = {
			isa = XCBuildConfiguration;
			buildSettings = {
				ASSETCATALOG_COMPILER_APPICON_NAME = AppIcon;
				CODE_SIGN_STYLE = Automatic;
				DEVELOPMENT_TEAM = 7V3NB8DRHS;
				INFOPLIST_FILE = GearSwap/Info.plist;
				IPHONEOS_DEPLOYMENT_TARGET = 10.0;
				LD_RUNPATH_SEARCH_PATHS = (
					"$(inherited)",
					"@executable_path/Frameworks",
				);
				PRODUCT_BUNDLE_IDENTIFIER = com.kchen.GearSwap;
				PRODUCT_NAME = "$(TARGET_NAME)";
				SWIFT_VERSION = 5.0;
				TARGETED_DEVICE_FAMILY = "1,2";
			};
			name = Release;
		};
		84E3E335250ABEF200C6D2BC /* Debug */ = {
			isa = XCBuildConfiguration;
			buildSettings = {
				ALWAYS_EMBED_SWIFT_STANDARD_LIBRARIES = YES;
				BUNDLE_LOADER = "$(TEST_HOST)";
				CODE_SIGN_STYLE = Automatic;
				DEVELOPMENT_TEAM = 7V3NB8DRHS;
				INFOPLIST_FILE = GearSwapTests/Info.plist;
				IPHONEOS_DEPLOYMENT_TARGET = 13.7;
				LD_RUNPATH_SEARCH_PATHS = (
					"$(inherited)",
					"@executable_path/Frameworks",
					"@loader_path/Frameworks",
				);
				PRODUCT_BUNDLE_IDENTIFIER = com.kchen.GearSwapTests;
				PRODUCT_NAME = "$(TARGET_NAME)";
				SWIFT_VERSION = 5.0;
				TARGETED_DEVICE_FAMILY = "1,2";
				TEST_HOST = "$(BUILT_PRODUCTS_DIR)/GearSwap.app/GearSwap";
			};
			name = Debug;
		};
		84E3E336250ABEF200C6D2BC /* Release */ = {
			isa = XCBuildConfiguration;
			buildSettings = {
				ALWAYS_EMBED_SWIFT_STANDARD_LIBRARIES = YES;
				BUNDLE_LOADER = "$(TEST_HOST)";
				CODE_SIGN_STYLE = Automatic;
				DEVELOPMENT_TEAM = 7V3NB8DRHS;
				INFOPLIST_FILE = GearSwapTests/Info.plist;
				IPHONEOS_DEPLOYMENT_TARGET = 13.7;
				LD_RUNPATH_SEARCH_PATHS = (
					"$(inherited)",
					"@executable_path/Frameworks",
					"@loader_path/Frameworks",
				);
				PRODUCT_BUNDLE_IDENTIFIER = com.kchen.GearSwapTests;
				PRODUCT_NAME = "$(TARGET_NAME)";
				SWIFT_VERSION = 5.0;
				TARGETED_DEVICE_FAMILY = "1,2";
				TEST_HOST = "$(BUILT_PRODUCTS_DIR)/GearSwap.app/GearSwap";
			};
			name = Release;
		};
/* End XCBuildConfiguration section */

/* Begin XCConfigurationList section */
		84E3E30D250ABEF100C6D2BC /* Build configuration list for PBXProject "GearSwap" */ = {
			isa = XCConfigurationList;
			buildConfigurations = (
				84E3E32F250ABEF200C6D2BC /* Debug */,
				84E3E330250ABEF200C6D2BC /* Release */,
			);
			defaultConfigurationIsVisible = 0;
			defaultConfigurationName = Release;
		};
		84E3E331250ABEF200C6D2BC /* Build configuration list for PBXNativeTarget "GearSwap" */ = {
			isa = XCConfigurationList;
			buildConfigurations = (
				84E3E332250ABEF200C6D2BC /* Debug */,
				84E3E333250ABEF200C6D2BC /* Release */,
			);
			defaultConfigurationIsVisible = 0;
			defaultConfigurationName = Release;
		};
		84E3E334250ABEF200C6D2BC /* Build configuration list for PBXNativeTarget "GearSwapTests" */ = {
			isa = XCConfigurationList;
			buildConfigurations = (
				84E3E335250ABEF200C6D2BC /* Debug */,
				84E3E336250ABEF200C6D2BC /* Release */,
			);
			defaultConfigurationIsVisible = 0;
			defaultConfigurationName = Release;
		};
/* End XCConfigurationList section */
	};
	rootObject = 84E3E30A250ABEF100C6D2BC /* Project object */;
}
